Microsoft Visual Studio Solution File, Format Version 12.00
# Visual Studio Version 17
VisualStudioVersion = 17.5.2.0
MinimumVisualStudioVersion = 10.0.40219.1
Project("{2150E333-8FDC-42A3-9474-1A3956D46DE8}") = "Supersite", "Supersite", "{1C9909E8-7EA8-2E1E-6AF0-D09D526B4568}"
EndProject
Project("{2150E333-8FDC-42A3-9474-1A3956D46DE8}") = "project-folder", "project-folder", "{0A9CC61A-226B-7A61-27D0-10588A295B4A}"
EndProject
Project("{2150E333-8FDC-42A3-9474-1A3956D46DE8}") = "project3", "project3", "{012FC17C-0EDD-0911-5E75-94BD1ED1C397}"
EndProject
Project("{2150E333-8FDC-42A3-9474-1A3956D46DE8}") = "Thingo", "Thingo", "{55878806-ECCD-D49B-E0FC-169D9F2DC40E}"
EndProject
Project("{FAE04EC0-301F-11D3-BF4B-00C04F79EFBC}") = "FinalProject", "Supersite\project-folder\project3\Thingo\FinalProject.csproj", "{A35135CE-ED7D-76CC-7CB1-F6275F3767C8}"
EndProject
Global
	GlobalSection(SolutionConfigurationPlatforms) = preSolution
		Debug|Any CPU = Debug|Any CPU
		Release|Any CPU = Release|Any CPU
	EndGlobalSection
	GlobalSection(ProjectConfigurationPlatforms) = postSolution
		{A35135CE-ED7D-76CC-7CB1-F6275F3767C8}.Debug|Any CPU.ActiveCfg = Debug|Any CPU
		{A35135CE-ED7D-76CC-7CB1-F6275F3767C8}.Debug|Any CPU.Build.0 = Debug|Any CPU
		{A35135CE-ED7D-76CC-7CB1-F6275F3767C8}.Release|Any CPU.ActiveCfg = Release|Any CPU
		{A35135CE-ED7D-76CC-7CB1-F6275F3767C8}.Release|Any CPU.Build.0 = Release|Any CPU
	EndGlobalSection
	GlobalSection(SolutionProperties) = preSolution
		HideSolutionNode = FALSE
	EndGlobalSection
	GlobalSection(NestedProjects) = preSolution
		{0A9CC61A-226B-7A61-27D0-10588A295B4A} = {1C9909E8-7EA8-2E1E-6AF0-D09D526B4568}
		{012FC17C-0EDD-0911-5E75-94BD1ED1C397} = {0A9CC61A-226B-7A61-27D0-10588A295B4A}
		{55878806-ECCD-D49B-E0FC-169D9F2DC40E} = {012FC17C-0EDD-0911-5E75-94BD1ED1C397}
		{A35135CE-ED7D-76CC-7CB1-F6275F3767C8} = {55878806-ECCD-D49B-E0FC-169D9F2DC40E}
	EndGlobalSection
	GlobalSection(ExtensibilityGlobals) = postSolution
		SolutionGuid = {C45BB9C9-56C1-46CC-AE47-76ACC510CA69}
	EndGlobalSection
EndGlobal
